
Microsoft Visual Studio Solution File, Format Version 12.00
# Visual Studio Version 16
VisualStudioVersion = 16.0.32126.315
MinimumVisualStudioVersion = 10.0.40219.1
Project("{2150E333-8FDC-42A3-9474-1A3956D46DE8}") = "Services", "Services", "{F468F479-ECA5-4FAC-8F1A-125E6F873E02}"
EndProject
Project("{2150E333-8FDC-42A3-9474-1A3956D46DE8}") = "Catalog", "Catalog", "{ABE72F4F-3AAD-4F0D-90B5-C2A9BEC008FC}"
EndProject
Project("{9A19103F-16F7-4668-BE54-9A1E7A4F7556}") = "Catalog.API", "Services\Catalog\Catalog.API\Catalog.API.csproj", "{9FB812BD-FC58-4102-B7B7-01B1811ACC72}"
EndProject
Project("{E53339B2-1760-4266-BCC7-CA923CBCF16C}") = "docker-compose", "docker-compose.dcproj", "{25BD97E9-AAD3-4871-812B-828FD95715AC}"
EndProject
Global
	GlobalSection(SolutionConfigurationPlatforms) = preSolution
		Debug|Any CPU = Debug|Any CPU
		Release|Any CPU = Release|Any CPU
	EndGlobalSection
	GlobalSection(ProjectConfigurationPlatforms) = postSolution
		{9FB812BD-FC58-4102-B7B7-01B1811ACC72}.Debug|Any CPU.ActiveCfg = Debug|Any CPU
		{9FB812BD-FC58-4102-B7B7-01B1811ACC72}.Debug|Any CPU.Build.0 = Debug|Any CPU
		{9FB812BD-FC58-4102-B7B7-01B1811ACC72}.Release|Any CPU.ActiveCfg = Release|Any CPU
		{9FB812BD-FC58-4102-B7B7-01B1811ACC72}.Release|Any CPU.Build.0 = Release|Any CPU
		{25BD97E9-AAD3-4871-812B-828FD95715AC}.Debug|Any CPU.ActiveCfg = Debug|Any CPU
		{25BD97E9-AAD3-4871-812B-828FD95715AC}.Debug|Any CPU.Build.0 = Debug|Any CPU
		{25BD97E9-AAD3-4871-812B-828FD95715AC}.Release|Any CPU.ActiveCfg = Release|Any CPU
		{25BD97E9-AAD3-4871-812B-828FD95715AC}.Release|Any CPU.Build.0 = Release|Any CPU
	EndGlobalSection
	GlobalSection(SolutionProperties) = preSolution
		HideSolutionNode = FALSE
	EndGlobalSection
	GlobalSection(NestedProjects) = preSolution
		{ABE72F4F-3AAD-4F0D-90B5-C2A9BEC008FC} = {F468F479-ECA5-4FAC-8F1A-125E6F873E02}
		{9FB812BD-FC58-4102-B7B7-01B1811ACC72} = {ABE72F4F-3AAD-4F0D-90B5-C2A9BEC008FC}
	EndGlobalSection
	GlobalSection(ExtensibilityGlobals) = postSolution
		SolutionGuid = {51E751FE-F24F-44C9-9C4B-3A5738FAF670}
	EndGlobalSection
EndGlobal
